
Microsoft Visual Studio Solution File, Format Version 12.00
# Visual Studio Version 16
VisualStudioVersion = 16.0.30523.141
MinimumVisualStudioVersion = 10.0.40219.1
Project("{FAE04EC0-301F-11D3-BF4B-00C04F79EFBC}") = "PXUK16.WEB", "PXUK16.WEB\PXUK16.WEB.csproj", "{5DA14778-7F6D-4A85-9426-66E4D1A04700}"
EndProject
Global
	GlobalSection(SolutionConfigurationPlatforms) = preSolution
		Debug|Any CPU = Debug|Any CPU
		Release|Any CPU = Release|Any CPU
	EndGlobalSection
	GlobalSection(ProjectConfigurationPlatforms) = postSolution
		{5DA14778-7F6D-4A85-9426-66E4D1A04700}.Debug|Any CPU.ActiveCfg = Debug|Any CPU
		{5DA14778-7F6D-4A85-9426-66E4D1A04700}.Debug|Any CPU.Build.0 = Debug|Any CPU
		{5DA14778-7F6D-4A85-9426-66E4D1A04700}.Release|Any CPU.ActiveCfg = Release|Any CPU
		{5DA14778-7F6D-4A85-9426-66E4D1A04700}.Release|Any CPU.Build.0 = Release|Any CPU
	EndGlobalSection
	GlobalSection(SolutionProperties) = preSolution
		HideSolutionNode = FALSE
	EndGlobalSection
	GlobalSection(ExtensibilityGlobals) = postSolution
		SolutionGuid = {AFA3C180-8C80-43F1-A478-1376949BEC4B}
	EndGlobalSection
EndGlobal
